{
  "originHash" : "2ddeda369b1094854ae33c2534e2a39f0518ddcfcfa475a92d2f1bf70a98220d",
  "pins" : [
    {
      "identity" : "adelsonauthmanager",
      "kind" : "remoteSourceControl",
      "location" : "https://github.com/Ahmed23Adel/AdelsonAuthManager.git",
      "state" : {
        "branch" : "master",
        "revision" : "3f0592bfce5a650496b2d392298e571d86df96e4"
      }
    },
    {
      "identity" : "adelsonvalidator",
      "kind" : "remoteSourceControl",
      "location" : "https://github.com/Ahmed23Adel/AdelsonValidator.git",
      "state" : {
        "branch" : "main",
        "revision" : "96c4f9d1e1a7ec5b0a17370d1f5e3d4ea75d738b"
      }
    },
    {
      "identity" : "alamofire",
      "kind" : "remoteSourceControl",
      "location" : "https://github.com/Alamofire/Alamofire.git",
      "state" : {
        "revision" : "513364f870f6bfc468f9d2ff0a95caccc10044c5",
        "version" : "5.10.2"
      }
    }
  ],
  "version" : 3
}
